
Microsoft Visual Studio Solution File, Format Version 12.00
# Visual Studio Version 16
VisualStudioVersion = 16.0.32126.315
MinimumVisualStudioVersion = 10.0.40219.1
Project("{FAE04EC0-301F-11D3-BF4B-00C04F79EFBC}") = "PersonalityTest", "PersonalityTest\PersonalityTest.csproj", "{2D4BB5A4-6A32-4731-B081-84D54D8CABB1}"
EndProject
Project("{FAE04EC0-301F-11D3-BF4B-00C04F79EFBC}") = "PersonalityTestSwitch", "PersonalityTestSwitch\PersonalityTestSwitch.csproj", "{0D2FF3AA-E30B-4D60-B736-FCC01EB1EB45}"
EndProject
Project("{FAE04EC0-301F-11D3-BF4B-00C04F79EFBC}") = "GradingIF", "GradingIF\GradingIF.csproj", "{D269F4FF-7FEE-4A5E-9BED-9C5C752310DD}"
EndProject
Project("{FAE04EC0-301F-11D3-BF4B-00C04F79EFBC}") = "GradingSwitch", "GradingSwitch\GradingSwitch.csproj", "{5B1B4C24-161C-4698-A95F-1BE8E891F25A}"
EndProject
Project("{FAE04EC0-301F-11D3-BF4B-00C04F79EFBC}") = "CatsAndDogs", "CatsAndDogs\CatsAndDogs.csproj", "{4F13F982-8B50-4064-829D-DA6F6538AC6F}"
EndProject
Global
	GlobalSection(SolutionConfigurationPlatforms) = preSolution
		Debug|Any CPU = Debug|Any CPU
		Release|Any CPU = Release|Any CPU
	EndGlobalSection
	GlobalSection(ProjectConfigurationPlatforms) = postSolution
		{2D4BB5A4-6A32-4731-B081-84D54D8CABB1}.Debug|Any CPU.ActiveCfg = Debug|Any CPU
		{2D4BB5A4-6A32-4731-B081-84D54D8CABB1}.Debug|Any CPU.Build.0 = Debug|Any CPU
		{2D4BB5A4-6A32-4731-B081-84D54D8CABB1}.Release|Any CPU.ActiveCfg = Release|Any CPU
		{2D4BB5A4-6A32-4731-B081-84D54D8CABB1}.Release|Any CPU.Build.0 = Release|Any CPU
		{0D2FF3AA-E30B-4D60-B736-FCC01EB1EB45}.Debug|Any CPU.ActiveCfg = Debug|Any CPU
		{0D2FF3AA-E30B-4D60-B736-FCC01EB1EB45}.Debug|Any CPU.Build.0 = Debug|Any CPU
		{0D2FF3AA-E30B-4D60-B736-FCC01EB1EB45}.Release|Any CPU.ActiveCfg = Release|Any CPU
		{0D2FF3AA-E30B-4D60-B736-FCC01EB1EB45}.Release|Any CPU.Build.0 = Release|Any CPU
		{D269F4FF-7FEE-4A5E-9BED-9C5C752310DD}.Debug|Any CPU.ActiveCfg = Debug|Any CPU
		{D269F4FF-7FEE-4A5E-9BED-9C5C752310DD}.Debug|Any CPU.Build.0 = Debug|Any CPU
		{D269F4FF-7FEE-4A5E-9BED-9C5C752310DD}.Release|Any CPU.ActiveCfg = Release|Any CPU
		{D269F4FF-7FEE-4A5E-9BED-9C5C752310DD}.Release|Any CPU.Build.0 = Release|Any CPU
		{5B1B4C24-161C-4698-A95F-1BE8E891F25A}.Debug|Any CPU.ActiveCfg = Debug|Any CPU
		{5B1B4C24-161C-4698-A95F-1BE8E891F25A}.Debug|Any CPU.Build.0 = Debug|Any CPU
		{5B1B4C24-161C-4698-A95F-1BE8E891F25A}.Release|Any CPU.ActiveCfg = Release|Any CPU
		{5B1B4C24-161C-4698-A95F-1BE8E891F25A}.Release|Any CPU.Build.0 = Release|Any CPU
		{4F13F982-8B50-4064-829D-DA6F6538AC6F}.Debug|Any CPU.ActiveCfg = Debug|Any CPU
		{4F13F982-8B50-4064-829D-DA6F6538AC6F}.Debug|Any CPU.Build.0 = Debug|Any CPU
		{4F13F982-8B50-4064-829D-DA6F6538AC6F}.Release|Any CPU.ActiveCfg = Release|Any CPU
		{4F13F982-8B50-4064-829D-DA6F6538AC6F}.Release|Any CPU.Build.0 = Release|Any CPU
	EndGlobalSection
	GlobalSection(SolutionProperties) = preSolution
		HideSolutionNode = FALSE
	EndGlobalSection
	GlobalSection(ExtensibilityGlobals) = postSolution
		SolutionGuid = {DDF2D4FD-0532-4758-9585-0EDBB914B99C}
	EndGlobalSection
EndGlobal
